
Microsoft Visual Studio Solution File, Format Version 12.00
# Visual Studio 14
VisualStudioVersion = 14.0.24720.0
MinimumVisualStudioVersion = 10.0.40219.1
Project("{FAE04EC0-301F-11D3-BF4B-00C04F79EFBC}") = "Initial project", "Initial project\Initial project.csproj", "{9296A558-5CC9-4124-AAD7-D34419AB1EA3}"
EndProject
Project("{FAE04EC0-301F-11D3-BF4B-00C04F79EFBC}") = "MasterProjects", "MasterProjects\MasterProjects.csproj", "{255704AD-0424-4F18-8102-EA4D6F288178}"
EndProject
Project("{FAE04EC0-301F-11D3-BF4B-00C04F79EFBC}") = "HoiProject", "HoiProject\HoiProject.csproj", "{6DBA487A-42DC-4E36-8C67-B3706C7D9C99}"
EndProject
Project("{FAE04EC0-301F-11D3-BF4B-00C04F79EFBC}") = "PeshoProject", "PeshoProject\PeshoProject.csproj", "{2B5C0684-364A-461E-B4A9-299869FAF89E}"
EndProject
Global
	GlobalSection(SolutionConfigurationPlatforms) = preSolution
		Debug|Any CPU = Debug|Any CPU
		Release|Any CPU = Release|Any CPU
	EndGlobalSection
	GlobalSection(ProjectConfigurationPlatforms) = postSolution
		{9296A558-5CC9-4124-AAD7-D34419AB1EA3}.Debug|Any CPU.ActiveCfg = Debug|Any CPU
		{9296A558-5CC9-4124-AAD7-D34419AB1EA3}.Debug|Any CPU.Build.0 = Debug|Any CPU
		{9296A558-5CC9-4124-AAD7-D34419AB1EA3}.Release|Any CPU.ActiveCfg = Release|Any CPU
		{9296A558-5CC9-4124-AAD7-D34419AB1EA3}.Release|Any CPU.Build.0 = Release|Any CPU
		{255704AD-0424-4F18-8102-EA4D6F288178}.Debug|Any CPU.ActiveCfg = Debug|Any CPU
		{255704AD-0424-4F18-8102-EA4D6F288178}.Debug|Any CPU.Build.0 = Debug|Any CPU
		{255704AD-0424-4F18-8102-EA4D6F288178}.Release|Any CPU.ActiveCfg = Release|Any CPU
		{255704AD-0424-4F18-8102-EA4D6F288178}.Release|Any CPU.Build.0 = Release|Any CPU
		{6DBA487A-42DC-4E36-8C67-B3706C7D9C99}.Debug|Any CPU.ActiveCfg = Debug|Any CPU
		{6DBA487A-42DC-4E36-8C67-B3706C7D9C99}.Debug|Any CPU.Build.0 = Debug|Any CPU
		{6DBA487A-42DC-4E36-8C67-B3706C7D9C99}.Release|Any CPU.ActiveCfg = Release|Any CPU
		{6DBA487A-42DC-4E36-8C67-B3706C7D9C99}.Release|Any CPU.Build.0 = Release|Any CPU
		{2B5C0684-364A-461E-B4A9-299869FAF89E}.Debug|Any CPU.ActiveCfg = Debug|Any CPU
		{2B5C0684-364A-461E-B4A9-299869FAF89E}.Debug|Any CPU.Build.0 = Debug|Any CPU
		{2B5C0684-364A-461E-B4A9-299869FAF89E}.Release|Any CPU.ActiveCfg = Release|Any CPU
		{2B5C0684-364A-461E-B4A9-299869FAF89E}.Release|Any CPU.Build.0 = Release|Any CPU
	EndGlobalSection
	GlobalSection(SolutionProperties) = preSolution
		HideSolutionNode = FALSE
	EndGlobalSection
EndGlobal
